
Microsoft Visual Studio Solution File, Format Version 12.00
# Visual Studio Version 16
VisualStudioVersion = 16.0.32413.511
MinimumVisualStudioVersion = 10.0.40219.1
Project("{FAE04EC0-301F-11D3-BF4B-00C04F79EFBC}") = "Online Insurance Solutions", "Online Insurance Solutions\Online Insurance Solutions.csproj", "{3CD1D7D9-7329-468B-BA01-C551D066D4D3}"
EndProject
Global
	GlobalSection(SolutionConfigurationPlatforms) = preSolution
		Debug|Any CPU = Debug|Any CPU
		Release|Any CPU = Release|Any CPU
	EndGlobalSection
	GlobalSection(ProjectConfigurationPlatforms) = postSolution
		{3CD1D7D9-7329-468B-BA01-C551D066D4D3}.Debug|Any CPU.ActiveCfg = Debug|Any CPU
		{3CD1D7D9-7329-468B-BA01-C551D066D4D3}.Debug|Any CPU.Build.0 = Debug|Any CPU
		{3CD1D7D9-7329-468B-BA01-C551D066D4D3}.Release|Any CPU.ActiveCfg = Release|Any CPU
		{3CD1D7D9-7329-468B-BA01-C551D066D4D3}.Release|Any CPU.Build.0 = Release|Any CPU
	EndGlobalSection
	GlobalSection(SolutionProperties) = preSolution
		HideSolutionNode = FALSE
	EndGlobalSection
	GlobalSection(ExtensibilityGlobals) = postSolution
		SolutionGuid = {D144DC15-5F19-4076-88C4-84E33C6CC671}
	EndGlobalSection
EndGlobal
